
Microsoft Visual Studio Solution File, Format Version 12.00
# Visual Studio Version 17
VisualStudioVersion = 17.2.32630.192
MinimumVisualStudioVersion = 10.0.40219.1
Project("{FAE04EC0-301F-11D3-BF4B-00C04F79EFBC}") = "homework_16.11.2022", "homework_16.11.2022.csproj", "{A18CD103-6843-468D-9482-7279225DAB8E}"
EndProject
Global
	GlobalSection(SolutionConfigurationPlatforms) = preSolution
		Debug|Any CPU = Debug|Any CPU
		Release|Any CPU = Release|Any CPU
	EndGlobalSection
	GlobalSection(ProjectConfigurationPlatforms) = postSolution
		{A18CD103-6843-468D-9482-7279225DAB8E}.Debug|Any CPU.ActiveCfg = Debug|Any CPU
		{A18CD103-6843-468D-9482-7279225DAB8E}.Debug|Any CPU.Build.0 = Debug|Any CPU
		{A18CD103-6843-468D-9482-7279225DAB8E}.Release|Any CPU.ActiveCfg = Release|Any CPU
		{A18CD103-6843-468D-9482-7279225DAB8E}.Release|Any CPU.Build.0 = Release|Any CPU
	EndGlobalSection
	GlobalSection(SolutionProperties) = preSolution
		HideSolutionNode = FALSE
	EndGlobalSection
	GlobalSection(ExtensibilityGlobals) = postSolution
		SolutionGuid = {82166F80-034C-4609-B792-F4F17D53108F}
	EndGlobalSection
EndGlobal
