
Microsoft Visual Studio Solution File, Format Version 12.00
# Visual Studio Version 17
VisualStudioVersion = 17.3.32929.385
MinimumVisualStudioVersion = 10.0.40219.1
Project("{FAE04EC0-301F-11D3-BF4B-00C04F79EFBC}") = "TMS_Fourth_App", "TMS_Fourth_App\TMS_Fourth_App.csproj", "{863159DE-81E2-4DC7-A290-376A303EE343}"
EndProject
Global
	GlobalSection(SolutionConfigurationPlatforms) = preSolution
		Debug|Any CPU = Debug|Any CPU
		Release|Any CPU = Release|Any CPU
	EndGlobalSection
	GlobalSection(ProjectConfigurationPlatforms) = postSolution
		{863159DE-81E2-4DC7-A290-376A303EE343}.Debug|Any CPU.ActiveCfg = Debug|Any CPU
		{863159DE-81E2-4DC7-A290-376A303EE343}.Debug|Any CPU.Build.0 = Debug|Any CPU
		{863159DE-81E2-4DC7-A290-376A303EE343}.Release|Any CPU.ActiveCfg = Release|Any CPU
		{863159DE-81E2-4DC7-A290-376A303EE343}.Release|Any CPU.Build.0 = Release|Any CPU
	EndGlobalSection
	GlobalSection(SolutionProperties) = preSolution
		HideSolutionNode = FALSE
	EndGlobalSection
	GlobalSection(ExtensibilityGlobals) = postSolution
		SolutionGuid = {B78015BA-EE9C-474F-BE63-59AEBA0EA64E}
	EndGlobalSection
EndGlobal
