
Microsoft Visual Studio Solution File, Format Version 12.00
# Visual Studio Version 17
VisualStudioVersion = 17.3.32929.385
MinimumVisualStudioVersion = 10.0.40219.1
Project("{FAE04EC0-301F-11D3-BF4B-00C04F79EFBC}") = "TSM_Third_App", "TSM_Third_App\TSM_Third_App.csproj", "{06CDCDFA-D65D-4A4B-8E91-EC3D5FF56AF0}"
EndProject
Global
	GlobalSection(SolutionConfigurationPlatforms) = preSolution
		Debug|Any CPU = Debug|Any CPU
		Release|Any CPU = Release|Any CPU
	EndGlobalSection
	GlobalSection(ProjectConfigurationPlatforms) = postSolution
		{06CDCDFA-D65D-4A4B-8E91-EC3D5FF56AF0}.Debug|Any CPU.ActiveCfg = Debug|Any CPU
		{06CDCDFA-D65D-4A4B-8E91-EC3D5FF56AF0}.Debug|Any CPU.Build.0 = Debug|Any CPU
		{06CDCDFA-D65D-4A4B-8E91-EC3D5FF56AF0}.Release|Any CPU.ActiveCfg = Release|Any CPU
		{06CDCDFA-D65D-4A4B-8E91-EC3D5FF56AF0}.Release|Any CPU.Build.0 = Release|Any CPU
	EndGlobalSection
	GlobalSection(SolutionProperties) = preSolution
		HideSolutionNode = FALSE
	EndGlobalSection
	GlobalSection(ExtensibilityGlobals) = postSolution
		SolutionGuid = {35927DAA-BE27-4CBB-9893-5216B3C7072C}
	EndGlobalSection
EndGlobal
