
Microsoft Visual Studio Solution File, Format Version 12.00
Project("{FAE04EC0-301F-11D3-BF4B-00C04F79EFBC}") = "HomeWork_Serialization_And_Network", "HomeWork_Serialization_And_Network\HomeWork_Serialization_And_Network.csproj", "{EE8855C3-6E3C-4BB6-9A38-1CF019000D86}"
EndProject
Global
	GlobalSection(SolutionConfigurationPlatforms) = preSolution
		Debug|Any CPU = Debug|Any CPU
		Release|Any CPU = Release|Any CPU
	EndGlobalSection
	GlobalSection(ProjectConfigurationPlatforms) = postSolution
		{EE8855C3-6E3C-4BB6-9A38-1CF019000D86}.Debug|Any CPU.ActiveCfg = Debug|Any CPU
		{EE8855C3-6E3C-4BB6-9A38-1CF019000D86}.Debug|Any CPU.Build.0 = Debug|Any CPU
		{EE8855C3-6E3C-4BB6-9A38-1CF019000D86}.Release|Any CPU.ActiveCfg = Release|Any CPU
		{EE8855C3-6E3C-4BB6-9A38-1CF019000D86}.Release|Any CPU.Build.0 = Release|Any CPU
	EndGlobalSection
EndGlobal
