
Microsoft Visual Studio Solution File, Format Version 12.00
# Visual Studio Version 17
VisualStudioVersion = 17.3.32929.385
MinimumVisualStudioVersion = 10.0.40219.1
Project("{FAE04EC0-301F-11D3-BF4B-00C04F79EFBC}") = "Homework5", "Homework5\Homework5.csproj", "{4E2EF7CE-28DB-44BC-90DC-F08C5A45040E}"
EndProject
Global
	GlobalSection(SolutionConfigurationPlatforms) = preSolution
		Debug|Any CPU = Debug|Any CPU
		Release|Any CPU = Release|Any CPU
	EndGlobalSection
	GlobalSection(ProjectConfigurationPlatforms) = postSolution
		{4E2EF7CE-28DB-44BC-90DC-F08C5A45040E}.Debug|Any CPU.ActiveCfg = Debug|Any CPU
		{4E2EF7CE-28DB-44BC-90DC-F08C5A45040E}.Debug|Any CPU.Build.0 = Debug|Any CPU
		{4E2EF7CE-28DB-44BC-90DC-F08C5A45040E}.Release|Any CPU.ActiveCfg = Release|Any CPU
		{4E2EF7CE-28DB-44BC-90DC-F08C5A45040E}.Release|Any CPU.Build.0 = Release|Any CPU
	EndGlobalSection
	GlobalSection(SolutionProperties) = preSolution
		HideSolutionNode = FALSE
	EndGlobalSection
	GlobalSection(ExtensibilityGlobals) = postSolution
		SolutionGuid = {94991F66-557D-4B09-AB20-EC998A1C97AD}
	EndGlobalSection
EndGlobal
