
Microsoft Visual Studio Solution File, Format Version 12.00
# Visual Studio Version 17
VisualStudioVersion = 17.3.32929.385
MinimumVisualStudioVersion = 10.0.40219.1
Project("{FAE04EC0-301F-11D3-BF4B-00C04F79EFBC}") = "HomeWork1", "HomeWork1\HomeWork1.csproj", "{50018055-9269-4140-A3A1-835395740240}"
EndProject
Global
	GlobalSection(SolutionConfigurationPlatforms) = preSolution
		Debug|Any CPU = Debug|Any CPU
		Release|Any CPU = Release|Any CPU
	EndGlobalSection
	GlobalSection(ProjectConfigurationPlatforms) = postSolution
		{50018055-9269-4140-A3A1-835395740240}.Debug|Any CPU.ActiveCfg = Debug|Any CPU
		{50018055-9269-4140-A3A1-835395740240}.Debug|Any CPU.Build.0 = Debug|Any CPU
		{50018055-9269-4140-A3A1-835395740240}.Release|Any CPU.ActiveCfg = Release|Any CPU
		{50018055-9269-4140-A3A1-835395740240}.Release|Any CPU.Build.0 = Release|Any CPU
	EndGlobalSection
	GlobalSection(SolutionProperties) = preSolution
		HideSolutionNode = FALSE
	EndGlobalSection
	GlobalSection(ExtensibilityGlobals) = postSolution
		SolutionGuid = {57A365B8-C0AF-42E0-B764-5D029FBAAEA8}
	EndGlobalSection
EndGlobal
