
Microsoft Visual Studio Solution File, Format Version 12.00
# Visual Studio Version 17
VisualStudioVersion = 17.4.33122.133
MinimumVisualStudioVersion = 10.0.40219.1
Project("{FAE04EC0-301F-11D3-BF4B-00C04F79EFBC}") = "ConsoleApp7", "ConsoleApp7.csproj", "{31E40ACA-048F-4FE1-891F-03F05B837CD7}"
EndProject
Global
	GlobalSection(SolutionConfigurationPlatforms) = preSolution
		Debug|Any CPU = Debug|Any CPU
		Release|Any CPU = Release|Any CPU
	EndGlobalSection
	GlobalSection(ProjectConfigurationPlatforms) = postSolution
		{31E40ACA-048F-4FE1-891F-03F05B837CD7}.Debug|Any CPU.ActiveCfg = Debug|Any CPU
		{31E40ACA-048F-4FE1-891F-03F05B837CD7}.Debug|Any CPU.Build.0 = Debug|Any CPU
		{31E40ACA-048F-4FE1-891F-03F05B837CD7}.Release|Any CPU.ActiveCfg = Release|Any CPU
		{31E40ACA-048F-4FE1-891F-03F05B837CD7}.Release|Any CPU.Build.0 = Release|Any CPU
	EndGlobalSection
	GlobalSection(SolutionProperties) = preSolution
		HideSolutionNode = FALSE
	EndGlobalSection
	GlobalSection(ExtensibilityGlobals) = postSolution
		SolutionGuid = {D2AF9BFC-E7B4-4CA9-BFFA-3BA5ACAEACFE}
	EndGlobalSection
EndGlobal
