
Microsoft Visual Studio Solution File, Format Version 12.00
# Visual Studio Version 17
VisualStudioVersion = 17.3.32929.385
MinimumVisualStudioVersion = 10.0.40219.1
Project("{FAE04EC0-301F-11D3-BF4B-00C04F79EFBC}") = "Homework31.10", "Homework31.10\Homework31.10.csproj", "{7C74C457-D185-4B95-8E30-5E1A43ECCACA}"
EndProject
Global
	GlobalSection(SolutionConfigurationPlatforms) = preSolution
		Debug|Any CPU = Debug|Any CPU
		Release|Any CPU = Release|Any CPU
	EndGlobalSection
	GlobalSection(ProjectConfigurationPlatforms) = postSolution
		{7C74C457-D185-4B95-8E30-5E1A43ECCACA}.Debug|Any CPU.ActiveCfg = Debug|Any CPU
		{7C74C457-D185-4B95-8E30-5E1A43ECCACA}.Debug|Any CPU.Build.0 = Debug|Any CPU
		{7C74C457-D185-4B95-8E30-5E1A43ECCACA}.Release|Any CPU.ActiveCfg = Release|Any CPU
		{7C74C457-D185-4B95-8E30-5E1A43ECCACA}.Release|Any CPU.Build.0 = Release|Any CPU
	EndGlobalSection
	GlobalSection(SolutionProperties) = preSolution
		HideSolutionNode = FALSE
	EndGlobalSection
	GlobalSection(ExtensibilityGlobals) = postSolution
		SolutionGuid = {98F1C23A-A8E4-42E4-B89D-E2A1CCCDD81F}
	EndGlobalSection
EndGlobal
