
Microsoft Visual Studio Solution File, Format Version 12.00
# Visual Studio Version 17
VisualStudioVersion = 17.3.32929.385
MinimumVisualStudioVersion = 10.0.40219.1
Project("{FAE04EC0-301F-11D3-BF4B-00C04F79EFBC}") = "kozyrev_24.10.2022", "kozyrev_24.10.2022\kozyrev_24.10.2022.csproj", "{B3B0E22D-7F7E-4ACB-A687-092305C621AA}"
EndProject
Global
	GlobalSection(SolutionConfigurationPlatforms) = preSolution
		Debug|Any CPU = Debug|Any CPU
		Release|Any CPU = Release|Any CPU
	EndGlobalSection
	GlobalSection(ProjectConfigurationPlatforms) = postSolution
		{B3B0E22D-7F7E-4ACB-A687-092305C621AA}.Debug|Any CPU.ActiveCfg = Debug|Any CPU
		{B3B0E22D-7F7E-4ACB-A687-092305C621AA}.Debug|Any CPU.Build.0 = Debug|Any CPU
		{B3B0E22D-7F7E-4ACB-A687-092305C621AA}.Release|Any CPU.ActiveCfg = Release|Any CPU
		{B3B0E22D-7F7E-4ACB-A687-092305C621AA}.Release|Any CPU.Build.0 = Release|Any CPU
	EndGlobalSection
	GlobalSection(SolutionProperties) = preSolution
		HideSolutionNode = FALSE
	EndGlobalSection
	GlobalSection(ExtensibilityGlobals) = postSolution
		SolutionGuid = {27DD2B1B-1466-40E5-AD8F-B8FA755CB931}
	EndGlobalSection
EndGlobal
