
Microsoft Visual Studio Solution File, Format Version 12.00
# Visual Studio Version 17
VisualStudioVersion = 17.4.33110.190
MinimumVisualStudioVersion = 10.0.40219.1
Project("{FAE04EC0-301F-11D3-BF4B-00C04F79EFBC}") = "HW_8", "HW_8.csproj", "{ACAEAC27-3FB4-4233-AB2F-1BEC972C8FF3}"
EndProject
Global
	GlobalSection(SolutionConfigurationPlatforms) = preSolution
		Debug|Any CPU = Debug|Any CPU
		Release|Any CPU = Release|Any CPU
	EndGlobalSection
	GlobalSection(ProjectConfigurationPlatforms) = postSolution
		{ACAEAC27-3FB4-4233-AB2F-1BEC972C8FF3}.Debug|Any CPU.ActiveCfg = Debug|Any CPU
		{ACAEAC27-3FB4-4233-AB2F-1BEC972C8FF3}.Debug|Any CPU.Build.0 = Debug|Any CPU
		{ACAEAC27-3FB4-4233-AB2F-1BEC972C8FF3}.Release|Any CPU.ActiveCfg = Release|Any CPU
		{ACAEAC27-3FB4-4233-AB2F-1BEC972C8FF3}.Release|Any CPU.Build.0 = Release|Any CPU
	EndGlobalSection
	GlobalSection(SolutionProperties) = preSolution
		HideSolutionNode = FALSE
	EndGlobalSection
	GlobalSection(ExtensibilityGlobals) = postSolution
		SolutionGuid = {175C81A5-9BB5-4A30-8375-E1FF8C5EC527}
	EndGlobalSection
EndGlobal
