
Microsoft Visual Studio Solution File, Format Version 12.00
# Visual Studio Version 17
VisualStudioVersion = 17.3.32929.385
MinimumVisualStudioVersion = 10.0.40219.1
Project("{FAE04EC0-301F-11D3-BF4B-00C04F79EFBC}") = "HomeWork2", "HomeWork2\HomeWork2.csproj", "{235D59B0-68AF-4B1D-BF38-79A3597EED0C}"
EndProject
Global
	GlobalSection(SolutionConfigurationPlatforms) = preSolution
		Debug|Any CPU = Debug|Any CPU
		Release|Any CPU = Release|Any CPU
	EndGlobalSection
	GlobalSection(ProjectConfigurationPlatforms) = postSolution
		{235D59B0-68AF-4B1D-BF38-79A3597EED0C}.Debug|Any CPU.ActiveCfg = Debug|Any CPU
		{235D59B0-68AF-4B1D-BF38-79A3597EED0C}.Debug|Any CPU.Build.0 = Debug|Any CPU
		{235D59B0-68AF-4B1D-BF38-79A3597EED0C}.Release|Any CPU.ActiveCfg = Release|Any CPU
		{235D59B0-68AF-4B1D-BF38-79A3597EED0C}.Release|Any CPU.Build.0 = Release|Any CPU
	EndGlobalSection
	GlobalSection(SolutionProperties) = preSolution
		HideSolutionNode = FALSE
	EndGlobalSection
	GlobalSection(ExtensibilityGlobals) = postSolution
		SolutionGuid = {39BEBA29-87D3-4B74-932D-D7A8D4699BD8}
	EndGlobalSection
EndGlobal
