
Microsoft Visual Studio Solution File, Format Version 12.00
# Visual Studio Version 17
VisualStudioVersion = 17.3.32929.385
MinimumVisualStudioVersion = 10.0.40219.1
Project("{FAE04EC0-301F-11D3-BF4B-00C04F79EFBC}") = "MysecondHomeWork", "MysecondHomeWork\MysecondHomeWork.csproj", "{AECFFA7D-013D-4244-9312-31A20A346EA4}"
EndProject
Global
	GlobalSection(SolutionConfigurationPlatforms) = preSolution
		Debug|Any CPU = Debug|Any CPU
		Release|Any CPU = Release|Any CPU
	EndGlobalSection
	GlobalSection(ProjectConfigurationPlatforms) = postSolution
		{AECFFA7D-013D-4244-9312-31A20A346EA4}.Debug|Any CPU.ActiveCfg = Debug|Any CPU
		{AECFFA7D-013D-4244-9312-31A20A346EA4}.Debug|Any CPU.Build.0 = Debug|Any CPU
		{AECFFA7D-013D-4244-9312-31A20A346EA4}.Release|Any CPU.ActiveCfg = Release|Any CPU
		{AECFFA7D-013D-4244-9312-31A20A346EA4}.Release|Any CPU.Build.0 = Release|Any CPU
	EndGlobalSection
	GlobalSection(SolutionProperties) = preSolution
		HideSolutionNode = FALSE
	EndGlobalSection
	GlobalSection(ExtensibilityGlobals) = postSolution
		SolutionGuid = {0DD5D6AF-18FD-4D6F-889D-025A4F406A16}
	EndGlobalSection
EndGlobal
