
Microsoft Visual Studio Solution File, Format Version 12.00
# Visual Studio Version 17
VisualStudioVersion = 17.3.32929.385
MinimumVisualStudioVersion = 10.0.40219.1
Project("{FAE04EC0-301F-11D3-BF4B-00C04F79EFBC}") = "kozyrev_16.11.2022", "kozyrev_16.11.2022\kozyrev_16.11.2022.csproj", "{CA9638BE-7DC3-410A-9E5A-A21659C8A7D5}"
EndProject
Global
	GlobalSection(SolutionConfigurationPlatforms) = preSolution
		Debug|Any CPU = Debug|Any CPU
		Release|Any CPU = Release|Any CPU
	EndGlobalSection
	GlobalSection(ProjectConfigurationPlatforms) = postSolution
		{CA9638BE-7DC3-410A-9E5A-A21659C8A7D5}.Debug|Any CPU.ActiveCfg = Debug|Any CPU
		{CA9638BE-7DC3-410A-9E5A-A21659C8A7D5}.Debug|Any CPU.Build.0 = Debug|Any CPU
		{CA9638BE-7DC3-410A-9E5A-A21659C8A7D5}.Release|Any CPU.ActiveCfg = Release|Any CPU
		{CA9638BE-7DC3-410A-9E5A-A21659C8A7D5}.Release|Any CPU.Build.0 = Release|Any CPU
	EndGlobalSection
	GlobalSection(SolutionProperties) = preSolution
		HideSolutionNode = FALSE
	EndGlobalSection
	GlobalSection(ExtensibilityGlobals) = postSolution
		SolutionGuid = {3334A453-EC0C-4F98-813D-EC5BA1B8AE25}
	EndGlobalSection
EndGlobal
