
Microsoft Visual Studio Solution File, Format Version 12.00
# Visual Studio Version 17
VisualStudioVersion = 17.4.33122.133
MinimumVisualStudioVersion = 10.0.40219.1
Project("{FAE04EC0-301F-11D3-BF4B-00C04F79EFBC}") = "ConsoleApp6", "ConsoleApp6.csproj", "{9CC2ABBD-0FDF-4989-80DA-A2A3BC2A30DA}"
EndProject
Global
	GlobalSection(SolutionConfigurationPlatforms) = preSolution
		Debug|Any CPU = Debug|Any CPU
		Release|Any CPU = Release|Any CPU
	EndGlobalSection
	GlobalSection(ProjectConfigurationPlatforms) = postSolution
		{9CC2ABBD-0FDF-4989-80DA-A2A3BC2A30DA}.Debug|Any CPU.ActiveCfg = Debug|Any CPU
		{9CC2ABBD-0FDF-4989-80DA-A2A3BC2A30DA}.Debug|Any CPU.Build.0 = Debug|Any CPU
		{9CC2ABBD-0FDF-4989-80DA-A2A3BC2A30DA}.Release|Any CPU.ActiveCfg = Release|Any CPU
		{9CC2ABBD-0FDF-4989-80DA-A2A3BC2A30DA}.Release|Any CPU.Build.0 = Release|Any CPU
	EndGlobalSection
	GlobalSection(SolutionProperties) = preSolution
		HideSolutionNode = FALSE
	EndGlobalSection
	GlobalSection(ExtensibilityGlobals) = postSolution
		SolutionGuid = {530A2661-FCC0-4687-B906-483AE443452E}
	EndGlobalSection
EndGlobal
