
Microsoft Visual Studio Solution File, Format Version 12.00
# Visual Studio Version 17
VisualStudioVersion = 17.3.32825.248
MinimumVisualStudioVersion = 10.0.40219.1
Project("{FAE04EC0-301F-11D3-BF4B-00C04F79EFBC}") = "HW_5", "HW_5.csproj", "{CBBDD4EC-9C0A-4E01-BDA0-7FDAD1B63D2D}"
EndProject
Global
	GlobalSection(SolutionConfigurationPlatforms) = preSolution
		Debug|Any CPU = Debug|Any CPU
		Release|Any CPU = Release|Any CPU
	EndGlobalSection
	GlobalSection(ProjectConfigurationPlatforms) = postSolution
		{CBBDD4EC-9C0A-4E01-BDA0-7FDAD1B63D2D}.Debug|Any CPU.ActiveCfg = Debug|Any CPU
		{CBBDD4EC-9C0A-4E01-BDA0-7FDAD1B63D2D}.Debug|Any CPU.Build.0 = Debug|Any CPU
		{CBBDD4EC-9C0A-4E01-BDA0-7FDAD1B63D2D}.Release|Any CPU.ActiveCfg = Release|Any CPU
		{CBBDD4EC-9C0A-4E01-BDA0-7FDAD1B63D2D}.Release|Any CPU.Build.0 = Release|Any CPU
	EndGlobalSection
	GlobalSection(SolutionProperties) = preSolution
		HideSolutionNode = FALSE
	EndGlobalSection
	GlobalSection(ExtensibilityGlobals) = postSolution
		SolutionGuid = {2484CA3B-F09A-4DD3-B0D4-2AF006B6731A}
	EndGlobalSection
EndGlobal
