
Microsoft Visual Studio Solution File, Format Version 12.00
Project("{FAE04EC0-301F-11D3-BF4B-00C04F79EFBC}") = "HomeWork_24.10.2022_DefiniteIntegral", "HomeWork_24.10.2022_DefiniteIntegral\HomeWork_24.10.2022_DefiniteIntegral.csproj", "{EE258652-66B7-4287-8A93-5ECD4F703D40}"
EndProject
Global
	GlobalSection(SolutionConfigurationPlatforms) = preSolution
		Debug|Any CPU = Debug|Any CPU
		Release|Any CPU = Release|Any CPU
	EndGlobalSection
	GlobalSection(ProjectConfigurationPlatforms) = postSolution
		{EE258652-66B7-4287-8A93-5ECD4F703D40}.Debug|Any CPU.ActiveCfg = Debug|Any CPU
		{EE258652-66B7-4287-8A93-5ECD4F703D40}.Debug|Any CPU.Build.0 = Debug|Any CPU
		{EE258652-66B7-4287-8A93-5ECD4F703D40}.Release|Any CPU.ActiveCfg = Release|Any CPU
		{EE258652-66B7-4287-8A93-5ECD4F703D40}.Release|Any CPU.Build.0 = Release|Any CPU
	EndGlobalSection
EndGlobal
