
Microsoft Visual Studio Solution File, Format Version 12.00
# Visual Studio Version 17
VisualStudioVersion = 17.4.33122.133
MinimumVisualStudioVersion = 10.0.40219.1
Project("{FAE04EC0-301F-11D3-BF4B-00C04F79EFBC}") = "ConsoleApp4", "ConsoleApp4.csproj", "{6B0130E7-3EB9-4348-9FE1-1FECEBE6A1BA}"
EndProject
Project("{FAE04EC0-301F-11D3-BF4B-00C04F79EFBC}") = "ORM", "..\ORM\ORM.csproj", "{33E20D57-E4C1-4B21-B513-614097351661}"
EndProject
Global
	GlobalSection(SolutionConfigurationPlatforms) = preSolution
		Debug|Any CPU = Debug|Any CPU
		Release|Any CPU = Release|Any CPU
	EndGlobalSection
	GlobalSection(ProjectConfigurationPlatforms) = postSolution
		{6B0130E7-3EB9-4348-9FE1-1FECEBE6A1BA}.Debug|Any CPU.ActiveCfg = Debug|Any CPU
		{6B0130E7-3EB9-4348-9FE1-1FECEBE6A1BA}.Debug|Any CPU.Build.0 = Debug|Any CPU
		{6B0130E7-3EB9-4348-9FE1-1FECEBE6A1BA}.Release|Any CPU.ActiveCfg = Release|Any CPU
		{6B0130E7-3EB9-4348-9FE1-1FECEBE6A1BA}.Release|Any CPU.Build.0 = Release|Any CPU
		{33E20D57-E4C1-4B21-B513-614097351661}.Debug|Any CPU.ActiveCfg = Debug|Any CPU
		{33E20D57-E4C1-4B21-B513-614097351661}.Debug|Any CPU.Build.0 = Debug|Any CPU
		{33E20D57-E4C1-4B21-B513-614097351661}.Release|Any CPU.ActiveCfg = Release|Any CPU
		{33E20D57-E4C1-4B21-B513-614097351661}.Release|Any CPU.Build.0 = Release|Any CPU
	EndGlobalSection
	GlobalSection(SolutionProperties) = preSolution
		HideSolutionNode = FALSE
	EndGlobalSection
	GlobalSection(ExtensibilityGlobals) = postSolution
		SolutionGuid = {C17070D8-5693-46FD-BE1A-0A2FDE242F8E}
	EndGlobalSection
EndGlobal
