
Microsoft Visual Studio Solution File, Format Version 12.00
# Visual Studio Version 17
VisualStudioVersion = 17.3.32825.248
MinimumVisualStudioVersion = 10.0.40219.1
Project("{FAE04EC0-301F-11D3-BF4B-00C04F79EFBC}") = "HW_7", "HW_7.csproj", "{E9BCAEC8-4FD5-43F8-9D53-53377E094BCD}"
EndProject
Global
	GlobalSection(SolutionConfigurationPlatforms) = preSolution
		Debug|Any CPU = Debug|Any CPU
		Release|Any CPU = Release|Any CPU
	EndGlobalSection
	GlobalSection(ProjectConfigurationPlatforms) = postSolution
		{E9BCAEC8-4FD5-43F8-9D53-53377E094BCD}.Debug|Any CPU.ActiveCfg = Debug|Any CPU
		{E9BCAEC8-4FD5-43F8-9D53-53377E094BCD}.Debug|Any CPU.Build.0 = Debug|Any CPU
		{E9BCAEC8-4FD5-43F8-9D53-53377E094BCD}.Release|Any CPU.ActiveCfg = Release|Any CPU
		{E9BCAEC8-4FD5-43F8-9D53-53377E094BCD}.Release|Any CPU.Build.0 = Release|Any CPU
	EndGlobalSection
	GlobalSection(SolutionProperties) = preSolution
		HideSolutionNode = FALSE
	EndGlobalSection
	GlobalSection(ExtensibilityGlobals) = postSolution
		SolutionGuid = {2F19FEBC-671F-4971-A3F5-B0CA6411CECC}
	EndGlobalSection
EndGlobal
